
Microsoft Visual Studio Solution File, Format Version 12.00
# Visual Studio 15
VisualStudioVersion = 15.0.28307.1022
MinimumVisualStudioVersion = 10.0.40219.1
Project("{FAE04EC0-301F-11D3-BF4B-00C04F79EFBC}") = "AccesDonnees2", "AccesDonnees2\AccesDonnees2.csproj", "{F6FBE744-3BA0-426F-807F-9960C228E1C1}"
EndProject
Global
	GlobalSection(SolutionConfigurationPlatforms) = preSolution
		Debug|Any CPU = Debug|Any CPU
		Release|Any CPU = Release|Any CPU
	EndGlobalSection
	GlobalSection(ProjectConfigurationPlatforms) = postSolution
		{F6FBE744-3BA0-426F-807F-9960C228E1C1}.Debug|Any CPU.ActiveCfg = Debug|Any CPU
		{F6FBE744-3BA0-426F-807F-9960C228E1C1}.Debug|Any CPU.Build.0 = Debug|Any CPU
		{F6FBE744-3BA0-426F-807F-9960C228E1C1}.Release|Any CPU.ActiveCfg = Release|Any CPU
		{F6FBE744-3BA0-426F-807F-9960C228E1C1}.Release|Any CPU.Build.0 = Release|Any CPU
	EndGlobalSection
	GlobalSection(SolutionProperties) = preSolution
		HideSolutionNode = FALSE
	EndGlobalSection
	GlobalSection(ExtensibilityGlobals) = postSolution
		SolutionGuid = {BFAA8C78-3DAA-4F53-9846-B1372EA06BCB}
	EndGlobalSection
EndGlobal
